// !$*UTF8*$!
{
	archiveVersion = 1;
	classes = {
	};
	objectVersion = 55;
	objects = {

/* Begin PBXBuildFile section */
		1D1B118228515B5B00BF0B6F /* AppDelegate.swift in Sources */ = {isa = PBXBuildFile; fileRef = 1D1B118128515B5B00BF0B6F /* AppDelegate.swift */; };
		1D1B118428515B5B00BF0B6F /* SceneDelegate.swift in Sources */ = {isa = PBXBuildFile; fileRef = 1D1B118328515B5B00BF0B6F /* SceneDelegate.swift */; };
		1D1B118628515B5B00BF0B6F /* ViewController.swift in Sources */ = {isa = PBXBuildFile; fileRef = 1D1B118528515B5B00BF0B6F /* ViewController.swift */; };
		1D1B118928515B5B00BF0B6F /* Main.storyboard in Resources */ = {isa = PBXBuildFile; fileRef = 1D1B118728515B5B00BF0B6F /* Main.storyboard */; };
		1D1B118C28515B5B00BF0B6F /* LULULemonAssessment.xcdatamodeld in Sources */ = {isa = PBXBuildFile; fileRef = 1D1B118A28515B5B00BF0B6F /* LULULemonAssessment.xcdatamodeld */; };
		1D1B118E28515B5E00BF0B6F /* Assets.xcassets in Resources */ = {isa = PBXBuildFile; fileRef = 1D1B118D28515B5E00BF0B6F /* Assets.xcassets */; };
		1D1B119128515B5E00BF0B6F /* LaunchScreen.storyboard in Resources */ = {isa = PBXBuildFile; fileRef = 1D1B118F28515B5E00BF0B6F /* LaunchScreen.storyboard */; };
		1D1B119C28515B5E00BF0B6F /* LULULemonAssessmentTests.swift in Sources */ = {isa = PBXBuildFile; fileRef = 1D1B119B28515B5E00BF0B6F /* LULULemonAssessmentTests.swift */; };
		1D1B11A628515B5E00BF0B6F /* LULULemonAssessmentUITests.swift in Sources */ = {isa = PBXBuildFile; fileRef = 1D1B11A528515B5E00BF0B6F /* LULULemonAssessmentUITests.swift */; };
		1D1B11A828515B5E00BF0B6F /* LULULemonAssessmentUITestsLaunchTests.swift in Sources */ = {isa = PBXBuildFile; fileRef = 1D1B11A728515B5E00BF0B6F /* LULULemonAssessmentUITestsLaunchTests.swift */; };
/* End PBXBuildFile section */

/* Begin PBXContainerItemProxy section */
		1D1B119828515B5E00BF0B6F /* PBXContainerItemProxy */ = {
			isa = PBXContainerItemProxy;
			containerPortal = 1D1B117628515B5B00BF0B6F /* Project object */;
			proxyType = 1;
			remoteGlobalIDString = 1D1B117D28515B5B00BF0B6F;
			remoteInfo = LULULemonAssessment;
		};
		1D1B11A228515B5E00BF0B6F /* PBXContainerItemProxy */ = {
			isa = PBXContainerItemProxy;
			containerPortal = 1D1B117628515B5B00BF0B6F /* Project object */;
			proxyType = 1;
			remoteGlobalIDString = 1D1B117D28515B5B00BF0B6F;
			remoteInfo = LULULemonAssessment;
		};
/* End PBXContainerItemProxy section */

/* Begin PBXFileReference section */
		1D1B117E28515B5B00BF0B6F /* LULULemonAssessment.app */ = {isa = PBXFileReference; explicitFileType = wrapper.application; includeInIndex = 0; path = LULULemonAssessment.app; sourceTree = BUILT_PRODUCTS_DIR; };
		1D1B118128515B5B00BF0B6F /* AppDelegate.swift */ = {isa = PBXFileReference; lastKnownFileType = sourcecode.swift; path = AppDelegate.swift; sourceTree = "<group>"; };
		1D1B118328515B5B00BF0B6F /* SceneDelegate.swift */ = {isa = PBXFileReference; lastKnownFileType = sourcecode.swift; path = SceneDelegate.swift; sourceTree = "<group>"; };
		1D1B118528515B5B00BF0B6F /* ViewController.swift */ = {isa = PBXFileReference; lastKnownFileType = sourcecode.swift; path = ViewController.swift; sourceTree = "<group>"; };
		1D1B118828515B5B00BF0B6F /* Base */ = {isa = PBXFileReference; lastKnownFileType = file.storyboard; name = Base; path = Base.lproj/Main.storyboard; sourceTree = "<group>"; };
		1D1B118B28515B5B00BF0B6F /* LULULemonAssessment.xcdatamodel */ = {isa = PBXFileReference; lastKnownFileType = wrapper.xcdatamodel; path = LULULemonAssessment.xcdatamodel; sourceTree = "<group>"; };
		1D1B118D28515B5E00BF0B6F /* Assets.xcassets */ = {isa = PBXFileReference; lastKnownFileType = folder.assetcatalog; path = Assets.xcassets; sourceTree = "<group>"; };
		1D1B119028515B5E00BF0B6F /* Base */ = {isa = PBXFileReference; lastKnownFileType = file.storyboard; name = Base; path = Base.lproj/LaunchScreen.storyboard; sourceTree = "<group>"; };
		1D1B119228515B5E00BF0B6F /* Info.plist */ = {isa = PBXFileReference; lastKnownFileType = text.plist.xml; path = Info.plist; sourceTree = "<group>"; };
		1D1B119728515B5E00BF0B6F /* LULULemonAssessmentTests.xctest */ = {isa = PBXFileReference; explicitFileType = wrapper.cfbundle; includeInIndex = 0; path = LULULemonAssessmentTests.xctest; sourceTree = BUILT_PRODUCTS_DIR; };
		1D1B119B28515B5E00BF0B6F /* LULULemonAssessmentTests.swift */ = {isa = PBXFileReference; lastKnownFileType = sourcecode.swift; path = LULULemonAssessmentTests.swift; sourceTree = "<group>"; };
		1D1B11A128515B5E00BF0B6F /* LULULemonAssessmentUITests.xctest */ = {isa = PBXFileReference; explicitFileType = wrapper.cfbundle; includeInIndex = 0; path = LULULemonAssessmentUITests.xctest; sourceTree = BUILT_PRODUCTS_DIR; };
		1D1B11A528515B5E00BF0B6F /* LULULemonAssessmentUITests.swift */ = {isa = PBXFileReference; lastKnownFileType = sourcecode.swift; path = LULULemonAssessmentUITests.swift; sourceTree = "<group>"; };
		1D1B11A728515B5E00BF0B6F /* LULULemonAssessmentUITestsLaunchTests.swift */ = {isa = PBXFileReference; lastKnownFileType = sourcecode.swift; path = LULULemonAssessmentUITestsLaunchTests.swift; sourceTree = "<group>"; };
/* End PBXFileReference section */

/* Begin PBXFrameworksBuildPhase section */
		1D1B117B28515B5B00BF0B6F /* Frameworks */ = {
			isa = PBXFrameworksBuildPhase;
			buildActionMask = 2147483647;
			files = (
			);
			runOnlyForDeploymentPostprocessing = 0;
		};
		1D1B119428515B5E00BF0B6F /* Frameworks */ = {
			isa = PBXFrameworksBuildPhase;
			buildActionMask = 2147483647;
			files = (
			);
			runOnlyForDeploymentPostprocessing = 0;
		};
		1D1B119E28515B5E00BF0B6F /* Frameworks */ = {
			isa = PBXFrameworksBuildPhase;
			buildActionMask = 2147483647;
			files = (
			);
			runOnlyForDeploymentPostprocessing = 0;
		};
/* End PBXFrameworksBuildPhase section */

/* Begin PBXGroup section */
		1D1B117528515B5B00BF0B6F = {
			isa = PBXGroup;
			children = (
				1D1B118028515B5B00BF0B6F /* LULULemonAssessment */,
				1D1B119A28515B5E00BF0B6F /* LULULemonAssessmentTests */,
				1D1B11A428515B5E00BF0B6F /* LULULemonAssessmentUITests */,
				1D1B117F28515B5B00BF0B6F /* Products */,
			);
			sourceTree = "<group>";
		};
		1D1B117F28515B5B00BF0B6F /* Products */ = {
			isa = PBXGroup;
			children = (
				1D1B117E28515B5B00BF0B6F /* LULULemonAssessment.app */,
				1D1B119728515B5E00BF0B6F /* LULULemonAssessmentTests.xctest */,
				1D1B11A128515B5E00BF0B6F /* LULULemonAssessmentUITests.xctest */,
			);
			name = Products;
			sourceTree = "<group>";
		};
		1D1B118028515B5B00BF0B6F /* LULULemonAssessment */ = {
			isa = PBXGroup;
			children = (
				1D1B118128515B5B00BF0B6F /* AppDelegate.swift */,
				1D1B118328515B5B00BF0B6F /* SceneDelegate.swift */,
				1D1B118528515B5B00BF0B6F /* ViewController.swift */,
				1D1B118728515B5B00BF0B6F /* Main.storyboard */,
				1D1B118D28515B5E00BF0B6F /* Assets.xcassets */,
				1D1B118F28515B5E00BF0B6F /* LaunchScreen.storyboard */,
				1D1B119228515B5E00BF0B6F /* Info.plist */,
				1D1B118A28515B5B00BF0B6F /* LULULemonAssessment.xcdatamodeld */,
			);
			path = LULULemonAssessment;
			sourceTree = "<group>";
		};
		1D1B119A28515B5E00BF0B6F /* LULULemonAssessmentTests */ = {
			isa = PBXGroup;
			children = (
				1D1B119B28515B5E00BF0B6F /* LULULemonAssessmentTests.swift */,
			);
			path = LULULemonAssessmentTests;
			sourceTree = "<group>";
		};
		1D1B11A428515B5E00BF0B6F /* LULULemonAssessmentUITests */ = {
			isa = PBXGroup;
			children = (
				1D1B11A528515B5E00BF0B6F /* LULULemonAssessmentUITests.swift */,
				1D1B11A728515B5E00BF0B6F /* LULULemonAssessmentUITestsLaunchTests.swift */,
			);
			path = LULULemonAssessmentUITests;
			sourceTree = "<group>";
		};
/* End PBXGroup section */

/* Begin PBXNativeTarget section */
		1D1B117D28515B5B00BF0B6F /* LULULemonAssessment */ = {
			isa = PBXNativeTarget;
			buildConfigurationList = 1D1B11AB28515B5E00BF0B6F /* Build configuration list for PBXNativeTarget "LULULemonAssessment" */;
			buildPhases = (
				1D1B117A28515B5B00BF0B6F /* Sources */,
				1D1B117B28515B5B00BF0B6F /* Frameworks */,
				1D1B117C28515B5B00BF0B6F /* Resources */,
			);
			buildRules = (
			);
			dependencies = (
			);
			name = LULULemonAssessment;
			productName = LULULemonAssessment;
			productReference = 1D1B117E28515B5B00BF0B6F /* LULULemonAssessment.app */;
			productType = "com.apple.product-type.application";
		};
		1D1B119628515B5E00BF0B6F /* LULULemonAssessmentTests */ = {
			isa = PBXNativeTarget;
			buildConfigurationList = 1D1B11AE28515B5E00BF0B6F /* Build configuration list for PBXNativeTarget "LULULemonAssessmentTests" */;
			buildPhases = (
				1D1B119328515B5E00BF0B6F /* Sources */,
				1D1B119428515B5E00BF0B6F /* Frameworks */,
				1D1B119528515B5E00BF0B6F /* Resources */,
			);
			buildRules = (
			);
			dependencies = (
				1D1B119928515B5E00BF0B6F /* PBXTargetDependency */,
			);
			name = LULULemonAssessmentTests;
			productName = LULULemonAssessmentTests;
			productReference = 1D1B119728515B5E00BF0B6F /* LULULemonAssessmentTests.xctest */;
			productType = "com.apple.product-type.bundle.unit-test";
		};
		1D1B11A028515B5E00BF0B6F /* LULULemonAssessmentUITests */ = {
			isa = PBXNativeTarget;
			buildConfigurationList = 1D1B11B128515B5E00BF0B6F /* Build configuration list for PBXNativeTarget "LULULemonAssessmentUITests" */;
			buildPhases = (
				1D1B119D28515B5E00BF0B6F /* Sources */,
				1D1B119E28515B5E00BF0B6F /* Frameworks */,
				1D1B119F28515B5E00BF0B6F /* Resources */,
			);
			buildRules = (
			);
			dependencies = (
				1D1B11A328515B5E00BF0B6F /* PBXTargetDependency */,
			);
			name = LULULemonAssessmentUITests;
			productName = LULULemonAssessmentUITests;
			productReference = 1D1B11A128515B5E00BF0B6F /* LULULemonAssessmentUITests.xctest */;
			productType = "com.apple.product-type.bundle.ui-testing";
		};
/* End PBXNativeTarget section */

/* Begin PBXProject section */
		1D1B117628515B5B00BF0B6F /* Project object */ = {
			isa = PBXProject;
			attributes = {
				BuildIndependentTargetsInParallel = 1;
				LastSwiftUpdateCheck = 1330;
				LastUpgradeCheck = 1330;
				TargetAttributes = {
					1D1B117D28515B5B00BF0B6F = {
						CreatedOnToolsVersion = 13.3;
					};
					1D1B119628515B5E00BF0B6F = {
						CreatedOnToolsVersion = 13.3;
						TestTargetID = 1D1B117D28515B5B00BF0B6F;
					};
					1D1B11A028515B5E00BF0B6F = {
						CreatedOnToolsVersion = 13.3;
						TestTargetID = 1D1B117D28515B5B00BF0B6F;
					};
				};
			};
			buildConfigurationList = 1D1B117928515B5B00BF0B6F /* Build configuration list for PBXProject "LULULemonAssessment" */;
			compatibilityVersion = "Xcode 13.0";
			developmentRegion = en;
			hasScannedForEncodings = 0;
			knownRegions = (
				en,
				Base,
			);
			mainGroup = 1D1B117528515B5B00BF0B6F;
			productRefGroup = 1D1B117F28515B5B00BF0B6F /* Products */;
			projectDirPath = "";
			projectRoot = "";
			targets = (
				1D1B117D28515B5B00BF0B6F /* LULULemonAssessment */,
				1D1B119628515B5E00BF0B6F /* LULULemonAssessmentTests */,
				1D1B11A028515B5E00BF0B6F /* LULULemonAssessmentUITests */,
			);
		};
/* End PBXProject section */

/* Begin PBXResourcesBuildPhase section */
		1D1B117C28515B5B00BF0B6F /* Resources */ = {
			isa = PBXResourcesBuildPhase;
			buildActionMask = 2147483647;
			files = (
				1D1B119128515B5E00BF0B6F /* LaunchScreen.storyboard in Resources */,
				1D1B118E28515B5E00BF0B6F /* Assets.xcassets in Resources */,
				1D1B118928515B5B00BF0B6F /* Main.storyboard in Resources */,
			);
			runOnlyForDeploymentPostprocessing = 0;
		};
		1D1B119528515B5E00BF0B6F /* Resources */ = {
			isa = PBXResourcesBuildPhase;
			buildActionMask = 2147483647;
			files = (
			);
			runOnlyForDeploymentPostprocessing = 0;
		};
		1D1B119F28515B5E00BF0B6F /* Resources */ = {
			isa = PBXResourcesBuildPhase;
			buildActionMask = 2147483647;
			files = (
			);
			runOnlyForDeploymentPostprocessing = 0;
		};
/* End PBXResourcesBuildPhase section */

/* Begin PBXSourcesBuildPhase section */
		1D1B117A28515B5B00BF0B6F /* Sources */ = {
			isa = PBXSourcesBuildPhase;
			buildActionMask = 2147483647;
			files = (
				1D1B118628515B5B00BF0B6F /* ViewController.swift in Sources */,
				1D1B118228515B5B00BF0B6F /* AppDelegate.swift in Sources */,
				1D1B118C28515B5B00BF0B6F /* LULULemonAssessment.xcdatamodeld in Sources */,
				1D1B118428515B5B00BF0B6F /* SceneDelegate.swift in Sources */,
			);
			runOnlyForDeploymentPostprocessing = 0;
		};
		1D1B119328515B5E00BF0B6F /* Sources */ = {
			isa = PBXSourcesBuildPhase;
			buildActionMask = 2147483647;
			files = (
				1D1B119C28515B5E00BF0B6F /* LULULemonAssessmentTests.swift in Sources */,
			);
			runOnlyForDeploymentPostprocessing = 0;
		};
		1D1B119D28515B5E00BF0B6F /* Sources */ = {
			isa = PBXSourcesBuildPhase;
			buildActionMask = 2147483647;
			files = (
				1D1B11A828515B5E00BF0B6F /* LULULemonAssessmentUITestsLaunchTests.swift in Sources */,
				1D1B11A628515B5E00BF0B6F /* LULULemonAssessmentUITests.swift in Sources */,
			);
			runOnlyForDeploymentPostprocessing = 0;
		};
/* End PBXSourcesBuildPhase section */

/* Begin PBXTargetDependency section */
		1D1B119928515B5E00BF0B6F /* PBXTargetDependency */ = {
			isa = PBXTargetDependency;
			target = 1D1B117D28515B5B00BF0B6F /* LULULemonAssessment */;
			targetProxy = 1D1B119828515B5E00BF0B6F /* PBXContainerItemProxy */;
		};
		1D1B11A328515B5E00BF0B6F /* PBXTargetDependency */ = {
			isa = PBXTargetDependency;
			target = 1D1B117D28515B5B00BF0B6F /* LULULemonAssessment */;
			targetProxy = 1D1B11A228515B5E00BF0B6F /* PBXContainerItemProxy */;
		};
/* End PBXTargetDependency section */

/* Begin PBXVariantGroup section */
		1D1B118728515B5B00BF0B6F /* Main.storyboard */ = {
			isa = PBXVariantGroup;
			children = (
				1D1B118828515B5B00BF0B6F /* Base */,
			);
			name = Main.storyboard;
			sourceTree = "<group>";
		};
		1D1B118F28515B5E00BF0B6F /* LaunchScreen.storyboard */ = {
			isa = PBXVariantGroup;
			children = (
				1D1B119028515B5E00BF0B6F /* Base */,
			);
			name = LaunchScreen.storyboard;
			sourceTree = "<group>";
		};
/* End PBXVariantGroup section */

/* Begin XCBuildConfiguration section */
		1D1B11A928515B5E00BF0B6F /* Debug */ = {
			isa = XCBuildConfiguration;
			buildSettings = {
				ALWAYS_SEARCH_USER_PATHS = NO;
				CLANG_ANALYZER_NONNULL = YES;
				CLANG_ANALYZER_NUMBER_OBJECT_CONVERSION = YES_AGGRESSIVE;
				CLANG_CXX_LANGUAGE_STANDARD = "gnu++17";
				CLANG_ENABLE_MODULES = YES;
				CLANG_ENABLE_OBJC_ARC = YES;
				CLANG_ENABLE_OBJC_WEAK = YES;
				CLANG_WARN_BLOCK_CAPTURE_AUTORELEASING = YES;
				CLANG_WARN_BOOL_CONVERSION = YES;
				CLANG_WARN_COMMA = YES;
				CLANG_WARN_CONSTANT_CONVERSION = YES;
				CLANG_WARN_DEPRECATED_OBJC_IMPLEMENTATIONS = YES;
				CLANG_WARN_DIRECT_OBJC_ISA_USAGE = YES_ERROR;
				CLANG_WARN_DOCUMENTATION_COMMENTS = YES;
				CLANG_WARN_EMPTY_BODY = YES;
				CLANG_WARN_ENUM_CONVERSION = YES;
				CLANG_WARN_INFINITE_RECURSION = YES;
				CLANG_WARN_INT_CONVERSION = YES;
				CLANG_WARN_NON_LITERAL_NULL_CONVERSION = YES;
				CLANG_WARN_OBJC_IMPLICIT_RETAIN_SELF = YES;
				CLANG_WARN_OBJC_LITERAL_CONVERSION = YES;
				CLANG_WARN_OBJC_ROOT_CLASS = YES_ERROR;
				CLANG_WARN_QUOTED_INCLUDE_IN_FRAMEWORK_HEADER = YES;
				CLANG_WARN_RANGE_LOOP_ANALYSIS = YES;
				CLANG_WARN_STRICT_PROTOTYPES = YES;
				CLANG_WARN_SUSPICIOUS_MOVE = YES;
				CLANG_WARN_UNGUARDED_AVAILABILITY = YES_AGGRESSIVE;
				CLANG_WARN_UNREACHABLE_CODE = YES;
				CLANG_WARN__DUPLICATE_METHOD_MATCH = YES;
				COPY_PHASE_STRIP = NO;
				DEBUG_INFORMATION_FORMAT = dwarf;
				ENABLE_STRICT_OBJC_MSGSEND = YES;
				ENABLE_TESTABILITY = YES;
				GCC_C_LANGUAGE_STANDARD = gnu11;
				GCC_DYNAMIC_NO_PIC = NO;
				GCC_NO_COMMON_BLOCKS = YES;
				GCC_OPTIMIZATION_LEVEL = 0;
				GCC_PREPROCESSOR_DEFINITIONS = (
					"DEBUG=1",
					"$(inherited)",
				);
				GCC_WARN_64_TO_32_BIT_CONVERSION = YES;
				GCC_WARN_ABOUT_RETURN_TYPE = YES_ERROR;
				GCC_WARN_UNDECLARED_SELECTOR = YES;
				GCC_WARN_UNINITIALIZED_AUTOS = YES_AGGRESSIVE;
				GCC_WARN_UNUSED_FUNCTION = YES;
				GCC_WARN_UNUSED_VARIABLE = YES;
				IPHONEOS_DEPLOYMENT_TARGET = 15.4;
				MTL_ENABLE_DEBUG_INFO = INCLUDE_SOURCE;
				MTL_FAST_MATH = YES;
				ONLY_ACTIVE_ARCH = YES;
				SDKROOT = iphoneos;
				SWIFT_ACTIVE_COMPILATION_CONDITIONS = DEBUG;
				SWIFT_OPTIMIZATION_LEVEL = "-Onone";
			};
			name = Debug;
		};
		1D1B11AA28515B5E00BF0B6F /* Release */ = {
			isa = XCBuildConfiguration;
			buildSettings = {
				ALWAYS_SEARCH_USER_PATHS = NO;
				CLANG_ANALYZER_NONNULL = YES;
				CLANG_ANALYZER_NUMBER_OBJECT_CONVERSION = YES_AGGRESSIVE;
				CLANG_CXX_LANGUAGE_STANDARD = "gnu++17";
				CLANG_ENABLE_MODULES = YES;
				CLANG_ENABLE_OBJC_ARC = YES;
				CLANG_ENABLE_OBJC_WEAK = YES;
				CLANG_WARN_BLOCK_CAPTURE_AUTORELEASING = YES;
				CLANG_WARN_BOOL_CONVERSION = YES;
				CLANG_WARN_COMMA = YES;
				CLANG_WARN_CONSTANT_CONVERSION = YES;
				CLANG_WARN_DEPRECATED_OBJC_IMPLEMENTATIONS = YES;
				CLANG_WARN_DIRECT_OBJC_ISA_USAGE = YES_ERROR;
				CLANG_WARN_DOCUMENTATION_COMMENTS = YES;
				CLANG_WARN_EMPTY_BODY = YES;
				CLANG_WARN_ENUM_CONVERSION = YES;
				CLANG_WARN_INFINITE_RECURSION = YES;
				CLANG_WARN_INT_CONVERSION = YES;
				CLANG_WARN_NON_LITERAL_NULL_CONVERSION = YES;
				CLANG_WARN_OBJC_IMPLICIT_RETAIN_SELF = YES;
				CLANG_WARN_OBJC_LITERAL_CONVERSION = YES;
				CLANG_WARN_OBJC_ROOT_CLASS = YES_ERROR;
				CLANG_WARN_QUOTED_INCLUDE_IN_FRAMEWORK_HEADER = YES;
				CLANG_WARN_RANGE_LOOP_ANALYSIS = YES;
				CLANG_WARN_STRICT_PROTOTYPES = YES;
				CLANG_WARN_SUSPICIOUS_MOVE = YES;
				CLANG_WARN_UNGUARDED_AVAILABILITY = YES_AGGRESSIVE;
				CLANG_WARN_UNREACHABLE_CODE = YES;
				CLANG_WARN__DUPLICATE_METHOD_MATCH = YES;
				COPY_PHASE_STRIP = NO;
				DEBUG_INFORMATION_FORMAT = "dwarf-with-dsym";
				ENABLE_NS_ASSERTIONS = NO;
				ENABLE_STRICT_OBJC_MSGSEND = YES;
				GCC_C_LANGUAGE_STANDARD = gnu11;
				GCC_NO_COMMON_BLOCKS = YES;
				GCC_WARN_64_TO_32_BIT_CONVERSION = YES;
				GCC_WARN_ABOUT_RETURN_TYPE = YES_ERROR;
				GCC_WARN_UNDECLARED_SELECTOR = YES;
				GCC_WARN_UNINITIALIZED_AUTOS = YES_AGGRESSIVE;
				GCC_WARN_UNUSED_FUNCTION = YES;
				GCC_WARN_UNUSED_VARIABLE = YES;
				IPHONEOS_DEPLOYMENT_TARGET = 15.4;
				MTL_ENABLE_DEBUG_INFO = NO;
				MTL_FAST_MATH = YES;
				SDKROOT = iphoneos;
				SWIFT_COMPILATION_MODE = wholemodule;
				SWIFT_OPTIMIZATION_LEVEL = "-O";
				VALIDATE_PRODUCT = YES;
			};
			name = Release;
		};
		1D1B11AC28515B5E00BF0B6F /* Debug */ = {
			isa = XCBuildConfiguration;
			buildSettings = {
				ASSETCATALOG_COMPILER_APPICON_NAME = AppIcon;
				ASSETCATALOG_COMPILER_GLOBAL_ACCENT_COLOR_NAME = AccentColor;
				CODE_SIGN_STYLE = Automatic;
				CURRENT_PROJECT_VERSION = 1;
				DEVELOPMENT_TEAM = 5525GJ5XAJ;
				GENERATE_INFOPLIST_FILE = YES;
				INFOPLIST_FILE = LULULemonAssessment/Info.plist;
				INFOPLIST_KEY_UIApplicationSupportsIndirectInputEvents = YES;
				INFOPLIST_KEY_UILaunchStoryboardName = LaunchScreen;
				INFOPLIST_KEY_UIMainStoryboardFile = Main;
				INFOPLIST_KEY_UISupportedInterfaceOrientations_iPad = "UIInterfaceOrientationPortrait UIInterfaceOrientationPortraitUpsideDown UIInterfaceOrientationLandscapeLeft UIInterfaceOrientationLandscapeRight";
				INFOPLIST_KEY_UISupportedInterfaceOrientations_iPhone = "UIInterfaceOrientationPortrait UIInterfaceOrientationLandscapeLeft UIInterfaceOrientationLandscapeRight";
				LD_RUNPATH_SEARCH_PATHS = (
					"$(inherited)",
					"@executable_path/Frameworks",
				);
				MARKETING_VERSION = 1.0;
				PRODUCT_BUNDLE_IDENTIFIER = com.RickMartinez.LULULemonAssessment;
				PRODUCT_NAME = "$(TARGET_NAME)";
				SWIFT_EMIT_LOC_STRINGS = YES;
				SWIFT_VERSION = 5.0;
				TARGETED_DEVICE_FAMILY = "1,2";
			};
			name = Debug;
		};
		1D1B11AD28515B5E00BF0B6F /* Release */ = {
			isa = XCBuildConfiguration;
			buildSettings = {
				ASSETCATALOG_COMPILER_APPICON_NAME = AppIcon;
				ASSETCATALOG_COMPILER_GLOBAL_ACCENT_COLOR_NAME = AccentColor;
				CODE_SIGN_STYLE = Automatic;
				CURRENT_PROJECT_VERSION = 1;
				DEVELOPMENT_TEAM = 5525GJ5XAJ;
				GENERATE_INFOPLIST_FILE = YES;
				INFOPLIST_FILE = LULULemonAssessment/Info.plist;
				INFOPLIST_KEY_UIApplicationSupportsIndirectInputEvents = YES;
				INFOPLIST_KEY_UILaunchStoryboardName = LaunchScreen;
				INFOPLIST_KEY_UIMainStoryboardFile = Main;
				INFOPLIST_KEY_UISupportedInterfaceOrientations_iPad = "UIInterfaceOrientationPortrait UIInterfaceOrientationPortraitUpsideDown UIInterfaceOrientationLandscapeLeft UIInterfaceOrientationLandscapeRight";
				INFOPLIST_KEY_UISupportedInterfaceOrientations_iPhone = "UIInterfaceOrientationPortrait UIInterfaceOrientationLandscapeLeft UIInterfaceOrientationLandscapeRight";
				LD_RUNPATH_SEARCH_PATHS = (
					"$(inherited)",
					"@executable_path/Frameworks",
				);
				MARKETING_VERSION = 1.0;
				PRODUCT_BUNDLE_IDENTIFIER = com.RickMartinez.LULULemonAssessment;
				PRODUCT_NAME = "$(TARGET_NAME)";
				SWIFT_EMIT_LOC_STRINGS = YES;
				SWIFT_VERSION = 5.0;
				TARGETED_DEVICE_FAMILY = "1,2";
			};
			name = Release;
		};
		1D1B11AF28515B5E00BF0B6F /* Debug */ = {
			isa = XCBuildConfiguration;
			buildSettings = {
				ALWAYS_EMBED_SWIFT_STANDARD_LIBRARIES = YES;
				BUNDLE_LOADER = "$(TEST_HOST)";
				CODE_SIGN_STYLE = Automatic;
				CURRENT_PROJECT_VERSION = 1;
				DEVELOPMENT_TEAM = 5525GJ5XAJ;
				GENERATE_INFOPLIST_FILE = YES;
				IPHONEOS_DEPLOYMENT_TARGET = 15.4;
				MARKETING_VERSION = 1.0;
				PRODUCT_BUNDLE_IDENTIFIER = com.RickMartinez.LULULemonAssessmentTests;
				PRODUCT_NAME = "$(TARGET_NAME)";
				SWIFT_EMIT_LOC_STRINGS = NO;
				SWIFT_VERSION = 5.0;
				TARGETED_DEVICE_FAMILY = "1,2";
				TEST_HOST = "$(BUILT_PRODUCTS_DIR)/LULULemonAssessment.app/LULULemonAssessment";
			};
			name = Debug;
		};
		1D1B11B028515B5E00BF0B6F /* Release */ = {
			isa = XCBuildConfiguration;
			buildSettings = {
				ALWAYS_EMBED_SWIFT_STANDARD_LIBRARIES = YES;
				BUNDLE_LOADER = "$(TEST_HOST)";
				CODE_SIGN_STYLE = Automatic;
				CURRENT_PROJECT_VERSION = 1;
				DEVELOPMENT_TEAM = 5525GJ5XAJ;
				GENERATE_INFOPLIST_FILE = YES;
				IPHONEOS_DEPLOYMENT_TARGET = 15.4;
				MARKETING_VERSION = 1.0;
				PRODUCT_BUNDLE_IDENTIFIER = com.RickMartinez.LULULemonAssessmentTests;
				PRODUCT_NAME = "$(TARGET_NAME)";
				SWIFT_EMIT_LOC_STRINGS = NO;
				SWIFT_VERSION = 5.0;
				TARGETED_DEVICE_FAMILY = "1,2";
				TEST_HOST = "$(BUILT_PRODUCTS_DIR)/LULULemonAssessment.app/LULULemonAssessment";
			};
			name = Release;
		};
		1D1B11B228515B5E00BF0B6F /* Debug */ = {
			isa = XCBuildConfiguration;
			buildSettings = {
				ALWAYS_EMBED_SWIFT_STANDARD_LIBRARIES = YES;
				CODE_SIGN_STYLE = Automatic;
				CURRENT_PROJECT_VERSION = 1;
				DEVELOPMENT_TEAM = 5525GJ5XAJ;
				GENERATE_INFOPLIST_FILE = YES;
				MARKETING_VERSION = 1.0;
				PRODUCT_BUNDLE_IDENTIFIER = com.RickMartinez.LULULemonAssessmentUITests;
				PRODUCT_NAME = "$(TARGET_NAME)";
				SWIFT_EMIT_LOC_STRINGS = NO;
				SWIFT_VERSION = 5.0;
				TARGETED_DEVICE_FAMILY = "1,2";
				TEST_TARGET_NAME = LULULemonAssessment;
			};
			name = Debug;
		};
		1D1B11B328515B5E00BF0B6F /* Release */ = {
			isa = XCBuildConfiguration;
			buildSettings = {
				ALWAYS_EMBED_SWIFT_STANDARD_LIBRARIES = YES;
				CODE_SIGN_STYLE = Automatic;
				CURRENT_PROJECT_VERSION = 1;
				DEVELOPMENT_TEAM = 5525GJ5XAJ;
				GENERATE_INFOPLIST_FILE = YES;
				MARKETING_VERSION = 1.0;
				PRODUCT_BUNDLE_IDENTIFIER = com.RickMartinez.LULULemonAssessmentUITests;
				PRODUCT_NAME = "$(TARGET_NAME)";
				SWIFT_EMIT_LOC_STRINGS = NO;
				SWIFT_VERSION = 5.0;
				TARGETED_DEVICE_FAMILY = "1,2";
				TEST_TARGET_NAME = LULULemonAssessment;
			};
			name = Release;
		};
/* End XCBuildConfiguration section */

/* Begin XCConfigurationList section */
		1D1B117928515B5B00BF0B6F /* Build configuration list for PBXProject "LULULemonAssessment" */ = {
			isa = XCConfigurationList;
			buildConfigurations = (
				1D1B11A928515B5E00BF0B6F /* Debug */,
				1D1B11AA28515B5E00BF0B6F /* Release */,
			);
			defaultConfigurationIsVisible = 0;
			defaultConfigurationName = Release;
		};
		1D1B11AB28515B5E00BF0B6F /* Build configuration list for PBXNativeTarget "LULULemonAssessment" */ = {
			isa = XCConfigurationList;
			buildConfigurations = (
				1D1B11AC28515B5E00BF0B6F /* Debug */,
				1D1B11AD28515B5E00BF0B6F /* Release */,
			);
			defaultConfigurationIsVisible = 0;
			defaultConfigurationName = Release;
		};
		1D1B11AE28515B5E00BF0B6F /* Build configuration list for PBXNativeTarget "LULULemonAssessmentTests" */ = {
			isa = XCConfigurationList;
			buildConfigurations = (
				1D1B11AF28515B5E00BF0B6F /* Debug */,
				1D1B11B028515B5E00BF0B6F /* Release */,
			);
			defaultConfigurationIsVisible = 0;
			defaultConfigurationName = Release;
		};
		1D1B11B128515B5E00BF0B6F /* Build configuration list for PBXNativeTarget "LULULemonAssessmentUITests" */ = {
			isa = XCConfigurationList;
			buildConfigurations = (
				1D1B11B228515B5E00BF0B6F /* Debug */,
				1D1B11B328515B5E00BF0B6F /* Release */,
			);
			defaultConfigurationIsVisible = 0;
			defaultConfigurationName = Release;
		};
/* End XCConfigurationList section */

/* Begin XCVersionGroup section */
		1D1B118A28515B5B00BF0B6F /* LULULemonAssessment.xcdatamodeld */ = {
			isa = XCVersionGroup;
			children = (
				1D1B118B28515B5B00BF0B6F /* LULULemonAssessment.xcdatamodel */,
			);
			currentVersion = 1D1B118B28515B5B00BF0B6F /* LULULemonAssessment.xcdatamodel */;
			path = LULULemonAssessment.xcdatamodeld;
			sourceTree = "<group>";
			versionGroupType = wrapper.xcdatamodel;
		};
/* End XCVersionGroup section */
	};
	rootObject = 1D1B117628515B5B00BF0B6F /* Project object */;
}
